
Microsoft Visual Studio Solution File, Format Version 12.00
# Visual Studio 14
VisualStudioVersion = 14.0.22310.1
MinimumVisualStudioVersion = 10.0.40219.1
Project("{2150E333-8FDC-42A3-9474-1A3956D46DE8}") = "1UI", "1UI", "{BA46BB16-4A5C-4094-A8E9-BE1A2F76F88E}"
EndProject
Project("{2150E333-8FDC-42A3-9474-1A3956D46DE8}") = "3Repository", "3Repository", "{4205356D-42F7-4F1B-8891-FD27684394BC}"
EndProject
Project("{2150E333-8FDC-42A3-9474-1A3956D46DE8}") = "2Service", "2Service", "{214B40B7-456A-44B1-AD09-C72669A7363B}"
EndProject
Project("{2150E333-8FDC-42A3-9474-1A3956D46DE8}") = "4Infrastructure", "4Infrastructure", "{CC0FB3BE-C07C-4CBF-BC0D-F308B3ED2772}"
EndProject
Project("{FAE04EC0-301F-11D3-BF4B-00C04F79EFBC}") = "BLL", "BLL\BLL.csproj", "{FD1FF802-1CDC-4CD1-B4CA-3EBB09B717AC}"
EndProject
Project("{FAE04EC0-301F-11D3-BF4B-00C04F79EFBC}") = "IBLL", "IBLL\IBLL.csproj", "{8DC8BFFF-94D1-4F2D-8286-65475A226E10}"
EndProject
Project("{FAE04EC0-301F-11D3-BF4B-00C04F79EFBC}") = "IDAL", "IDAL\IDAL.csproj", "{4FCF8B44-6141-4E6A-93F8-648CB8DEBED3}"
EndProject
Project("{FAE04EC0-301F-11D3-BF4B-00C04F79EFBC}") = "DALMSSQL", "DALMSSQL\DALMSSQL.csproj", "{20E363F0-201B-4BD8-A733-7CC0073F8424}"
EndProject
Project("{FAE04EC0-301F-11D3-BF4B-00C04F79EFBC}") = "Common", "Common\Common.csproj", "{A2E08018-834B-4082-B38E-5694C3EA6C4F}"
EndProject
Project("{FAE04EC0-301F-11D3-BF4B-00C04F79EFBC}") = "Model", "Model\Model.csproj", "{4A789CCE-7C60-460E-95BA-0F2EBC8E20BE}"
EndProject
Project("{FAE04EC0-301F-11D3-BF4B-00C04F79EFBC}") = "DI", "DI\DI.csproj", "{A3426AE4-FA21-4CA4-BA44-DCA00BFB2692}"
EndProject
Project("{FAE04EC0-301F-11D3-BF4B-00C04F79EFBC}") = "PrivateSpace.Logic", "PrivateSpace.Logic\PrivateSpace.Logic.csproj", "{F537567E-885B-456D-8A23-24852C067BBD}"
EndProject
Project("{FAE04EC0-301F-11D3-BF4B-00C04F79EFBC}") = "PrivateSpace.Helper", "PrivateSpace.Helper\PrivateSpace.Helper.csproj", "{A85BA789-8F24-4F7B-9888-FD044780A136}"
EndProject
Project("{FAE04EC0-301F-11D3-BF4B-00C04F79EFBC}") = "PrivateSpace", "PrivateSpace\PrivateSpace.csproj", "{BEA29E94-7EEE-41C4-B8C9-69883D162A7F}"
EndProject
Project("{FAE04EC0-301F-11D3-BF4B-00C04F79EFBC}") = "PrivateSpace.API", "PrivateSpace.API\PrivateSpace.API.csproj", "{884DF94F-F7C4-4BE9-8452-6D3C255EFE69}"
EndProject
Project("{FAE04EC0-301F-11D3-BF4B-00C04F79EFBC}") = "PrivateSpace.WeChatAPI", "WeChatAPI\PrivateSpace.WeChatAPI.csproj", "{5F8B4E33-C59C-456E-87DF-B29A91F38302}"
EndProject
Global
	GlobalSection(SolutionConfigurationPlatforms) = preSolution
		Debug|Any CPU = Debug|Any CPU
		Release|Any CPU = Release|Any CPU
	EndGlobalSection
	GlobalSection(ProjectConfigurationPlatforms) = postSolution
		{FD1FF802-1CDC-4CD1-B4CA-3EBB09B717AC}.Debug|Any CPU.ActiveCfg = Debug|Any CPU
		{FD1FF802-1CDC-4CD1-B4CA-3EBB09B717AC}.Debug|Any CPU.Build.0 = Debug|Any CPU
		{FD1FF802-1CDC-4CD1-B4CA-3EBB09B717AC}.Release|Any CPU.ActiveCfg = Release|Any CPU
		{FD1FF802-1CDC-4CD1-B4CA-3EBB09B717AC}.Release|Any CPU.Build.0 = Release|Any CPU
		{8DC8BFFF-94D1-4F2D-8286-65475A226E10}.Debug|Any CPU.ActiveCfg = Debug|Any CPU
		{8DC8BFFF-94D1-4F2D-8286-65475A226E10}.Debug|Any CPU.Build.0 = Debug|Any CPU
		{8DC8BFFF-94D1-4F2D-8286-65475A226E10}.Release|Any CPU.ActiveCfg = Release|Any CPU
		{8DC8BFFF-94D1-4F2D-8286-65475A226E10}.Release|Any CPU.Build.0 = Release|Any CPU
		{4FCF8B44-6141-4E6A-93F8-648CB8DEBED3}.Debug|Any CPU.ActiveCfg = Debug|Any CPU
		{4FCF8B44-6141-4E6A-93F8-648CB8DEBED3}.Debug|Any CPU.Build.0 = Debug|Any CPU
		{4FCF8B44-6141-4E6A-93F8-648CB8DEBED3}.Release|Any CPU.ActiveCfg = Release|Any CPU
		{4FCF8B44-6141-4E6A-93F8-648CB8DEBED3}.Release|Any CPU.Build.0 = Release|Any CPU
		{20E363F0-201B-4BD8-A733-7CC0073F8424}.Debug|Any CPU.ActiveCfg = Debug|Any CPU
		{20E363F0-201B-4BD8-A733-7CC0073F8424}.Debug|Any CPU.Build.0 = Debug|Any CPU
		{20E363F0-201B-4BD8-A733-7CC0073F8424}.Release|Any CPU.ActiveCfg = Release|Any CPU
		{20E363F0-201B-4BD8-A733-7CC0073F8424}.Release|Any CPU.Build.0 = Release|Any CPU
		{A2E08018-834B-4082-B38E-5694C3EA6C4F}.Debug|Any CPU.ActiveCfg = Debug|Any CPU
		{A2E08018-834B-4082-B38E-5694C3EA6C4F}.Debug|Any CPU.Build.0 = Debug|Any CPU
		{A2E08018-834B-4082-B38E-5694C3EA6C4F}.Release|Any CPU.ActiveCfg = Release|Any CPU
		{A2E08018-834B-4082-B38E-5694C3EA6C4F}.Release|Any CPU.Build.0 = Release|Any CPU
		{4A789CCE-7C60-460E-95BA-0F2EBC8E20BE}.Debug|Any CPU.ActiveCfg = Debug|Any CPU
		{4A789CCE-7C60-460E-95BA-0F2EBC8E20BE}.Debug|Any CPU.Build.0 = Debug|Any CPU
		{4A789CCE-7C60-460E-95BA-0F2EBC8E20BE}.Release|Any CPU.ActiveCfg = Release|Any CPU
		{4A789CCE-7C60-460E-95BA-0F2EBC8E20BE}.Release|Any CPU.Build.0 = Release|Any CPU
		{A3426AE4-FA21-4CA4-BA44-DCA00BFB2692}.Debug|Any CPU.ActiveCfg = Debug|Any CPU
		{A3426AE4-FA21-4CA4-BA44-DCA00BFB2692}.Debug|Any CPU.Build.0 = Debug|Any CPU
		{A3426AE4-FA21-4CA4-BA44-DCA00BFB2692}.Release|Any CPU.ActiveCfg = Release|Any CPU
		{A3426AE4-FA21-4CA4-BA44-DCA00BFB2692}.Release|Any CPU.Build.0 = Release|Any CPU
		{F537567E-885B-456D-8A23-24852C067BBD}.Debug|Any CPU.ActiveCfg = Debug|Any CPU
		{F537567E-885B-456D-8A23-24852C067BBD}.Debug|Any CPU.Build.0 = Debug|Any CPU
		{F537567E-885B-456D-8A23-24852C067BBD}.Release|Any CPU.ActiveCfg = Release|Any CPU
		{F537567E-885B-456D-8A23-24852C067BBD}.Release|Any CPU.Build.0 = Release|Any CPU
		{A85BA789-8F24-4F7B-9888-FD044780A136}.Debug|Any CPU.ActiveCfg = Debug|Any CPU
		{A85BA789-8F24-4F7B-9888-FD044780A136}.Debug|Any CPU.Build.0 = Debug|Any CPU
		{A85BA789-8F24-4F7B-9888-FD044780A136}.Release|Any CPU.ActiveCfg = Release|Any CPU
		{A85BA789-8F24-4F7B-9888-FD044780A136}.Release|Any CPU.Build.0 = Release|Any CPU
		{BEA29E94-7EEE-41C4-B8C9-69883D162A7F}.Debug|Any CPU.ActiveCfg = Debug|Any CPU
		{BEA29E94-7EEE-41C4-B8C9-69883D162A7F}.Debug|Any CPU.Build.0 = Debug|Any CPU
		{BEA29E94-7EEE-41C4-B8C9-69883D162A7F}.Release|Any CPU.ActiveCfg = Release|Any CPU
		{BEA29E94-7EEE-41C4-B8C9-69883D162A7F}.Release|Any CPU.Build.0 = Release|Any CPU
		{884DF94F-F7C4-4BE9-8452-6D3C255EFE69}.Debug|Any CPU.ActiveCfg = Debug|Any CPU
		{884DF94F-F7C4-4BE9-8452-6D3C255EFE69}.Debug|Any CPU.Build.0 = Debug|Any CPU
		{884DF94F-F7C4-4BE9-8452-6D3C255EFE69}.Release|Any CPU.ActiveCfg = Release|Any CPU
		{884DF94F-F7C4-4BE9-8452-6D3C255EFE69}.Release|Any CPU.Build.0 = Release|Any CPU
		{5F8B4E33-C59C-456E-87DF-B29A91F38302}.Debug|Any CPU.ActiveCfg = Debug|Any CPU
		{5F8B4E33-C59C-456E-87DF-B29A91F38302}.Debug|Any CPU.Build.0 = Debug|Any CPU
		{5F8B4E33-C59C-456E-87DF-B29A91F38302}.Release|Any CPU.ActiveCfg = Release|Any CPU
		{5F8B4E33-C59C-456E-87DF-B29A91F38302}.Release|Any CPU.Build.0 = Release|Any CPU
	EndGlobalSection
	GlobalSection(SolutionProperties) = preSolution
		HideSolutionNode = FALSE
	EndGlobalSection
	GlobalSection(NestedProjects) = preSolution
		{FD1FF802-1CDC-4CD1-B4CA-3EBB09B717AC} = {214B40B7-456A-44B1-AD09-C72669A7363B}
		{8DC8BFFF-94D1-4F2D-8286-65475A226E10} = {214B40B7-456A-44B1-AD09-C72669A7363B}
		{4FCF8B44-6141-4E6A-93F8-648CB8DEBED3} = {4205356D-42F7-4F1B-8891-FD27684394BC}
		{20E363F0-201B-4BD8-A733-7CC0073F8424} = {4205356D-42F7-4F1B-8891-FD27684394BC}
		{A2E08018-834B-4082-B38E-5694C3EA6C4F} = {CC0FB3BE-C07C-4CBF-BC0D-F308B3ED2772}
		{4A789CCE-7C60-460E-95BA-0F2EBC8E20BE} = {CC0FB3BE-C07C-4CBF-BC0D-F308B3ED2772}
		{A3426AE4-FA21-4CA4-BA44-DCA00BFB2692} = {CC0FB3BE-C07C-4CBF-BC0D-F308B3ED2772}
		{F537567E-885B-456D-8A23-24852C067BBD} = {BA46BB16-4A5C-4094-A8E9-BE1A2F76F88E}
		{A85BA789-8F24-4F7B-9888-FD044780A136} = {BA46BB16-4A5C-4094-A8E9-BE1A2F76F88E}
		{BEA29E94-7EEE-41C4-B8C9-69883D162A7F} = {BA46BB16-4A5C-4094-A8E9-BE1A2F76F88E}
		{884DF94F-F7C4-4BE9-8452-6D3C255EFE69} = {BA46BB16-4A5C-4094-A8E9-BE1A2F76F88E}
		{5F8B4E33-C59C-456E-87DF-B29A91F38302} = {BA46BB16-4A5C-4094-A8E9-BE1A2F76F88E}
	EndGlobalSection
EndGlobal
